generated_by: mdsynth v0.1.0
generated_at: '2026-07-09T13:30:45.917889+00:00'
user_request: 模拟Cu的NPT平衡过程之后20%的拉伸过程，温度为300K，拉伸速率为1e-5/ps，拉伸方向为x轴，模拟时间为200ps
target_lammps:
  version: '20260330'
  packages:
  - KSPACE
  - MANYBODY
  mpi: true
task_type: llm_direct_generation
material: copper
crystal_structure: fcc
lattice_constant: 3.615
force_field_provenance:
  family: eam
  source: llm_direct
  verification: unverified
  potential_files: []
  elements_covered:
  - Cu
assumptions:
- NPT equilibration is performed at same temperature (300K) with default pressure
  (1 atm or 0 bar)
- Material is bulk Cu with perfect crystal structure
- Standard EAM potential for Cu will be used
- Initial structure can be generated (e.g., FCC lattice orientated appropriately)
- 使用 eam 势函数 (Cu_u3.eam) 描述 copper 原子间相互作用
- 使用 fcc 晶格生成初始结构，晶格常数 3.615 Å
- Script generated directly by LLM (no template match)
- 'Repair rounds: 1'
limitations:
- 'Strain rate and simulation time inconsistency: 1e-5/ps for 200ps yields only 0.2%
  strain, not 20%; user may have intended 1e-3/ps or longer time.'
- 'Multi-step workflow requires careful integration: NPT equilibration conditions
  may affect subsequent tension results.'
- Potential system size effects if small simulation box is used.
- 默认系统尺寸 (~4000 atoms) 可能引起尺寸效应
repair_actions:
- round: 1
  passed: true
  error: null
num_atoms: 0
replication: !!python/tuple
- 0
- 0
- 0
num_stages: 0
stage_ids: []
validation_passed: false
preflight_passed: true
extra: {}
